{
  "pid": 14153,
  "started_at": "2026-06-11T01:24:43.194515Z",
  "updated_at": "2026-06-11T01:42:20.756213Z",
  "mode": "day-run",
  "phase": "predictions",
  "params": {
    "window_from_local": "2025-01-16 00:00",
    "window_to_local": "2025-01-17 00:00",
    "window_tz": "UTC",
    "providers": [
      "Gemini",
      "OpenAI",
      "Anthropic"
    ],
    "run_predictions": true,
    "run_actuals": true,
    "run_market_reaction": true,
    "build_evaluation": true,
    "continue_until_done": true,
    "clear_checkpoint": true,
    "max_passes": 12,
    "prediction_round_limit": 72,
    "runner_mode": "day-run",
    "heavy_day_mode": "auto"
  },
  "run_log_path": "/Users/junhoshino/projects/presignal/automation_runs/live_logs/day_run_20260611T012441Z.log",
  "window_from_local": "2025-01-16 13:30",
  "window_to_local": "2025-01-16 13:31",
  "window_tz": "UTC",
  "provider_split_first": true,
  "provider_split_reason": "large_cluster,mixed_family_cluster,broad_multi_event_cluster",
  "providers": [
    "Gemini"
  ],
  "pred_max_work_units_per_run": 1,
  "clear_checkpoint": false,
  "prediction_phase_elapsed_sec": 986,
  "prediction_phase_timeout_sec": 2700,
  "prediction_degrade_count": 1,
  "prediction_max_degrades": 6
}