{
  "pid": 37964,
  "started_at": "2026-06-05T05:48:21.476826Z",
  "updated_at": "2026-06-05T05:53:07.624553Z",
  "mode": "day-run",
  "phase": "predictions",
  "params": {
    "window_from_local": "2024-12-09 00:00",
    "window_to_local": "2024-12-10 00:00",
    "window_tz": "UTC",
    "providers": [
      "Gemini",
      "OpenAI",
      "Anthropic"
    ],
    "run_predictions": true,
    "run_actuals": true,
    "run_market_reaction": true,
    "build_evaluation": true,
    "continue_until_done": true,
    "clear_checkpoint": true,
    "max_passes": 12,
    "prediction_round_limit": 72,
    "runner_mode": "day-run",
    "heavy_day_mode": "auto"
  },
  "run_log_path": "/Users/junhoshino/projects/presignal/automation_runs/live_logs/day_run_20260605T054820Z.log",
  "providers": [
    "Gemini",
    "OpenAI",
    "Anthropic"
  ],
  "pred_max_work_units_per_run": 1,
  "clear_checkpoint": false,
  "prediction_phase_elapsed_sec": 248,
  "prediction_phase_timeout_sec": 2700,
  "prediction_degrade_count": 2,
  "prediction_max_degrades": 6
}