{
  "pid": 45482,
  "started_at": "2026-06-03T03:34:53.167250Z",
  "updated_at": "2026-06-03T03:36:37.686087Z",
  "mode": "targeted-retest",
  "phase": "predictions",
  "params": {
    "window_from_local": "2024-11-25 16:30",
    "window_to_local": "2024-11-25 16:31",
    "window_tz": "UTC",
    "providers": [
      "Gemini",
      "OpenAI",
      "Anthropic"
    ],
    "run_predictions": true,
    "run_actuals": false,
    "run_market_reaction": true,
    "build_evaluation": true,
    "continue_until_done": true,
    "clear_checkpoint": true,
    "max_passes": 12,
    "prediction_round_limit": 72,
    "runner_mode": "targeted-retest",
    "heavy_day_mode": "off"
  },
  "run_log_path": "/Users/junhoshino/projects/presignal/automation_runs/live_logs/targeted_retest_20260603T033451Z.log",
  "providers": [
    "Gemini",
    "OpenAI",
    "Anthropic"
  ],
  "pred_max_work_units_per_run": 1,
  "clear_checkpoint": false,
  "prediction_phase_elapsed_sec": 103,
  "prediction_phase_timeout_sec": 2700,
  "prediction_degrade_count": 0,
  "prediction_max_degrades": 6
}